
Microsoft Visual Studio Solution File, Format Version 12.00
# Visual Studio Version 17
VisualStudioVersion = 17.1.32414.318
MinimumVisualStudioVersion = 10.0.40219.1
Project("{888888A0-9F3D-457C-B088-3A5042F75D52}") = "Golden Ratio", "Golden Ratio\Golden Ratio.pyproj", "{C318E712-DF17-4D96-8473-973D21A9DDFB}"
EndProject
Global
	GlobalSection(SolutionConfigurationPlatforms) = preSolution
		Debug|Any CPU = Debug|Any CPU
		Release|Any CPU = Release|Any CPU
	EndGlobalSection
	GlobalSection(ProjectConfigurationPlatforms) = postSolution
		{C318E712-DF17-4D96-8473-973D21A9DDFB}.Debug|Any CPU.ActiveCfg = Debug|Any CPU
		{C318E712-DF17-4D96-8473-973D21A9DDFB}.Release|Any CPU.ActiveCfg = Release|Any CPU
	EndGlobalSection
	GlobalSection(SolutionProperties) = preSolution
		HideSolutionNode = FALSE
	EndGlobalSection
	GlobalSection(ExtensibilityGlobals) = postSolution
		SolutionGuid = {C5E14F73-67FB-4AD0-80FB-A11D83EF0CEF}
	EndGlobalSection
EndGlobal
